// !$*UTF8*$!
{
	archiveVersion = 1;
	classes = {
	};
	objectVersion = 77;
	objects = {

/* Begin PBXBuildFile section */
		ED3FA2D22E0343CE00EA2B34 /* FCTextField.swift in Sources */ = {isa = PBXBuildFile; fileRef = ED3FA2D12E0343CE00EA2B34 /* FCTextField.swift */; };
		ED4D86A22D9037F100770CDB /* FCButton.swift in Sources */ = {isa = PBXBuildFile; fileRef = ED4D869F2D9037F100770CDB /* FCButton.swift */; };
		ED4D86A32D9037F100770CDB /* FCButton+ViewModel.swift in Sources */ = {isa = PBXBuildFile; fileRef = ED4D86A02D9037F100770CDB /* FCButton+ViewModel.swift */; };
		ED4D86A42D9037F100770CDB /* FComponentsApp.swift in Sources */ = {isa = PBXBuildFile; fileRef = ED4D86A12D9037F100770CDB /* FComponentsApp.swift */; };
		ED4D86A62D9037F100770CDB /* Assets.xcassets in Resources */ = {isa = PBXBuildFile; fileRef = ED4D869E2D9037F100770CDB /* Assets.xcassets */; };
		ED4D86AA2D905C2D00770CDB /* FCButtonRegularGallery.swift in Sources */ = {isa = PBXBuildFile; fileRef = ED4D86A92D905C2D00770CDB /* FCButtonRegularGallery.swift */; };
		ED4D86AC2D90854300770CDB /* FCButtonAlternativeGallery.swift in Sources */ = {isa = PBXBuildFile; fileRef = ED4D86AB2D90854300770CDB /* FCButtonAlternativeGallery.swift */; };
		ED4D86AE2D908E5800770CDB /* FCButtonLinkGallery.swift in Sources */ = {isa = PBXBuildFile; fileRef = ED4D86AD2D908E5800770CDB /* FCButtonLinkGallery.swift */; };
		ED8523942DFC835500FA4D45 /* FCCard.swift in Sources */ = {isa = PBXBuildFile; fileRef = ED8523932DFC835500FA4D45 /* FCCard.swift */; };
		ED8523962DFC836B00FA4D45 /* FCCard+ViewModel.swift in Sources */ = {isa = PBXBuildFile; fileRef = ED8523952DFC835D00FA4D45 /* FCCard+ViewModel.swift */; };
		EDA75C0D2E09EACE0004EE0E /* FCTextField+ViewModel.swift in Sources */ = {isa = PBXBuildFile; fileRef = EDA75C0C2E09EAC00004EE0E /* FCTextField+ViewModel.swift */; };
		EDCD4A6F2E01E53C004F6779 /* Utils.swift in Sources */ = {isa = PBXBuildFile; fileRef = EDCD4A6E2E01E538004F6779 /* Utils.swift */; };
		EDCEE49A2E281C11006B62F7 /* FComponents.framework in Frameworks */ = {isa = PBXBuildFile; fileRef = EDCEE4922E281C11006B62F7 /* FComponents.framework */; };
		EDCEE49B2E281C11006B62F7 /* FComponents.framework in Embed Frameworks */ = {isa = PBXBuildFile; fileRef = EDCEE4922E281C11006B62F7 /* FComponents.framework */; settings = {ATTRIBUTES = (CodeSignOnCopy, RemoveHeadersOnCopy, ); }; };
		EDCEE4A12E281C84006B62F7 /* FComponentsApp.swift in Sources */ = {isa = PBXBuildFile; fileRef = ED4D86A12D9037F100770CDB /* FComponentsApp.swift */; };
		EDCEE4A22E281C92006B62F7 /* FCButton.swift in Sources */ = {isa = PBXBuildFile; fileRef = ED4D869F2D9037F100770CDB /* FCButton.swift */; };
		EDCEE4A32E281C92006B62F7 /* FCButton+ViewModel.swift in Sources */ = {isa = PBXBuildFile; fileRef = ED4D86A02D9037F100770CDB /* FCButton+ViewModel.swift */; };
		EDCEE4A42E281C9E006B62F7 /* FCCard+ViewModel.swift in Sources */ = {isa = PBXBuildFile; fileRef = ED8523952DFC835D00FA4D45 /* FCCard+ViewModel.swift */; };
		EDCEE4A52E281C9E006B62F7 /* FCCard.swift in Sources */ = {isa = PBXBuildFile; fileRef = ED8523932DFC835500FA4D45 /* FCCard.swift */; };
		EDCEE4A62E281CA7006B62F7 /* FCTextField+ViewModel.swift in Sources */ = {isa = PBXBuildFile; fileRef = EDA75C0C2E09EAC00004EE0E /* FCTextField+ViewModel.swift */; };
		EDCEE4A72E281CA7006B62F7 /* FCTextField.swift in Sources */ = {isa = PBXBuildFile; fileRef = ED3FA2D12E0343CE00EA2B34 /* FCTextField.swift */; };
		EDCEE4A82E281D6D006B62F7 /* Utils.swift in Sources */ = {isa = PBXBuildFile; fileRef = EDCD4A6E2E01E538004F6779 /* Utils.swift */; };
		EDCEE4A92E281DB6006B62F7 /* FCButtonRegularGallery.swift in Sources */ = {isa = PBXBuildFile; fileRef = ED4D86A92D905C2D00770CDB /* FCButtonRegularGallery.swift */; };
		EDCEE4AA2E281DB6006B62F7 /* FCButtonAlternativeGallery.swift in Sources */ = {isa = PBXBuildFile; fileRef = ED4D86AB2D90854300770CDB /* FCButtonAlternativeGallery.swift */; };
		EDCEE4AB2E281DB6006B62F7 /* FCButtonLinkGallery.swift in Sources */ = {isa = PBXBuildFile; fileRef = ED4D86AD2D908E5800770CDB /* FCButtonLinkGallery.swift */; };
/* End PBXBuildFile section */

/* Begin PBXContainerItemProxy section */
		EDCEE4982E281C11006B62F7 /* PBXContainerItemProxy */ = {
			isa = PBXContainerItemProxy;
			containerPortal = EDFFEE342D5F811700E46462 /* Project object */;
			proxyType = 1;
			remoteGlobalIDString = EDCEE4912E281C11006B62F7;
			remoteInfo = FComponents_framework;
		};
/* End PBXContainerItemProxy section */

/* Begin PBXCopyFilesBuildPhase section */
		EDCEE4A02E281C11006B62F7 /* Embed Frameworks */ = {
			isa = PBXCopyFilesBuildPhase;
			buildActionMask = 2147483647;
			dstPath = "";
			dstSubfolderSpec = 10;
			files = (
				EDCEE49B2E281C11006B62F7 /* FComponents.framework in Embed Frameworks */,
			);
			name = "Embed Frameworks";
			runOnlyForDeploymentPostprocessing = 0;
		};
/* End PBXCopyFilesBuildPhase section */

/* Begin PBXFileReference section */
		ED3FA2D12E0343CE00EA2B34 /* FCTextField.swift */ = {isa = PBXFileReference; lastKnownFileType = sourcecode.swift; path = FCTextField.swift; sourceTree = "<group>"; };
		ED4D869E2D9037F100770CDB /* Assets.xcassets */ = {isa = PBXFileReference; lastKnownFileType = folder.assetcatalog; path = Assets.xcassets; sourceTree = "<group>"; };
		ED4D869F2D9037F100770CDB /* FCButton.swift */ = {isa = PBXFileReference; lastKnownFileType = sourcecode.swift; path = FCButton.swift; sourceTree = "<group>"; };
		ED4D86A02D9037F100770CDB /* FCButton+ViewModel.swift */ = {isa = PBXFileReference; lastKnownFileType = sourcecode.swift; path = "FCButton+ViewModel.swift"; sourceTree = "<group>"; };
		ED4D86A12D9037F100770CDB /* FComponentsApp.swift */ = {isa = PBXFileReference; lastKnownFileType = sourcecode.swift; path = FComponentsApp.swift; sourceTree = "<group>"; };
		ED4D86A92D905C2D00770CDB /* FCButtonRegularGallery.swift */ = {isa = PBXFileReference; lastKnownFileType = sourcecode.swift; path = FCButtonRegularGallery.swift; sourceTree = "<group>"; };
		ED4D86AB2D90854300770CDB /* FCButtonAlternativeGallery.swift */ = {isa = PBXFileReference; lastKnownFileType = sourcecode.swift; path = FCButtonAlternativeGallery.swift; sourceTree = "<group>"; };
		ED4D86AD2D908E5800770CDB /* FCButtonLinkGallery.swift */ = {isa = PBXFileReference; lastKnownFileType = sourcecode.swift; path = FCButtonLinkGallery.swift; sourceTree = "<group>"; };
		ED8523932DFC835500FA4D45 /* FCCard.swift */ = {isa = PBXFileReference; lastKnownFileType = sourcecode.swift; path = FCCard.swift; sourceTree = "<group>"; };
		ED8523952DFC835D00FA4D45 /* FCCard+ViewModel.swift */ = {isa = PBXFileReference; lastKnownFileType = sourcecode.swift; path = "FCCard+ViewModel.swift"; sourceTree = "<group>"; };
		EDA75C0C2E09EAC00004EE0E /* FCTextField+ViewModel.swift */ = {isa = PBXFileReference; lastKnownFileType = sourcecode.swift; path = "FCTextField+ViewModel.swift"; sourceTree = "<group>"; };
		EDCD4A6E2E01E538004F6779 /* Utils.swift */ = {isa = PBXFileReference; lastKnownFileType = sourcecode.swift; path = Utils.swift; sourceTree = "<group>"; };
		EDCEE4922E281C11006B62F7 /* FComponents.framework */ = {isa = PBXFileReference; explicitFileType = wrapper.framework; includeInIndex = 0; path = FComponents.framework; sourceTree = BUILT_PRODUCTS_DIR; };
		EDFFEE3C2D5F811700E46462 /* FComponentsApp.app */ = {isa = PBXFileReference; explicitFileType = wrapper.application; includeInIndex = 0; path = FComponentsApp.app; sourceTree = BUILT_PRODUCTS_DIR; };
/* End PBXFileReference section */

/* Begin PBXFileSystemSynchronizedRootGroup section */
		EDCEE4932E281C11006B62F7 /* FComponents */ = {
			isa = PBXFileSystemSynchronizedRootGroup;
			path = FComponents;
			sourceTree = "<group>";
		};
/* End PBXFileSystemSynchronizedRootGroup section */

/* Begin PBXFrameworksBuildPhase section */
		EDCEE48F2E281C11006B62F7 /* Frameworks */ = {
			isa = PBXFrameworksBuildPhase;
			buildActionMask = 2147483647;
			files = (
			);
			runOnlyForDeploymentPostprocessing = 0;
		};
		EDFFEE392D5F811700E46462 /* Frameworks */ = {
			isa = PBXFrameworksBuildPhase;
			buildActionMask = 2147483647;
			files = (
				EDCEE49A2E281C11006B62F7 /* FComponents.framework in Frameworks */,
			);
			runOnlyForDeploymentPostprocessing = 0;
		};
/* End PBXFrameworksBuildPhase section */

/* Begin PBXGroup section */
		ED3FA2D02E0343A600EA2B34 /* FCTextField */ = {
			isa = PBXGroup;
			children = (
				EDA75C0C2E09EAC00004EE0E /* FCTextField+ViewModel.swift */,
				ED3FA2D12E0343CE00EA2B34 /* FCTextField.swift */,
			);
			path = FCTextField;
			sourceTree = "<group>";
		};
		ED4D86AF2D90B74700770CDB /* FComponentsApp */ = {
			isa = PBXGroup;
			children = (
				ED3FA2D02E0343A600EA2B34 /* FCTextField */,
				EDCD4A6D2E01E529004F6779 /* Utils */,
				ED85238F2DFC82EC00FA4D45 /* FCCard */,
				EDF61F302DDE625A00E9D8B8 /* FCButton */,
				ED4D86A12D9037F100770CDB /* FComponentsApp.swift */,
				ED4D869E2D9037F100770CDB /* Assets.xcassets */,
			);
			path = FComponentsApp;
			sourceTree = "<group>";
		};
		ED85238F2DFC82EC00FA4D45 /* FCCard */ = {
			isa = PBXGroup;
			children = (
				ED8523952DFC835D00FA4D45 /* FCCard+ViewModel.swift */,
				ED8523932DFC835500FA4D45 /* FCCard.swift */,
			);
			path = FCCard;
			sourceTree = "<group>";
		};
		EDCD4A6D2E01E529004F6779 /* Utils */ = {
			isa = PBXGroup;
			children = (
				EDCD4A6E2E01E538004F6779 /* Utils.swift */,
			);
			path = Utils;
			sourceTree = "<group>";
		};
		EDF61F302DDE625A00E9D8B8 /* FCButton */ = {
			isa = PBXGroup;
			children = (
				EDF61F312DDE627600E9D8B8 /* Gallery */,
				ED4D869F2D9037F100770CDB /* FCButton.swift */,
				ED4D86A02D9037F100770CDB /* FCButton+ViewModel.swift */,
			);
			path = FCButton;
			sourceTree = "<group>";
		};
		EDF61F312DDE627600E9D8B8 /* Gallery */ = {
			isa = PBXGroup;
			children = (
				ED4D86AB2D90854300770CDB /* FCButtonAlternativeGallery.swift */,
				ED4D86AD2D908E5800770CDB /* FCButtonLinkGallery.swift */,
				ED4D86A92D905C2D00770CDB /* FCButtonRegularGallery.swift */,
			);
			path = Gallery;
			sourceTree = "<group>";
		};
		EDFFEE332D5F811700E46462 = {
			isa = PBXGroup;
			children = (
				ED4D86AF2D90B74700770CDB /* FComponentsApp */,
				EDCEE4932E281C11006B62F7 /* FComponents */,
				EDFFEE3D2D5F811700E46462 /* Products */,
			);
			sourceTree = "<group>";
		};
		EDFFEE3D2D5F811700E46462 /* Products */ = {
			isa = PBXGroup;
			children = (
				EDFFEE3C2D5F811700E46462 /* FComponentsApp.app */,
				EDCEE4922E281C11006B62F7 /* FComponents.framework */,
			);
			name = Products;
			sourceTree = "<group>";
		};
/* End PBXGroup section */

/* Begin PBXHeadersBuildPhase section */
		EDCEE48D2E281C11006B62F7 /* Headers */ = {
			isa = PBXHeadersBuildPhase;
			buildActionMask = 2147483647;
			files = (
			);
			runOnlyForDeploymentPostprocessing = 0;
		};
/* End PBXHeadersBuildPhase section */

/* Begin PBXNativeTarget section */
		EDCEE4912E281C11006B62F7 /* FComponents */ = {
			isa = PBXNativeTarget;
			buildConfigurationList = EDCEE49D2E281C11006B62F7 /* Build configuration list for PBXNativeTarget "FComponents" */;
			buildPhases = (
				EDCEE48D2E281C11006B62F7 /* Headers */,
				EDCEE48E2E281C11006B62F7 /* Sources */,
				EDCEE48F2E281C11006B62F7 /* Frameworks */,
				EDCEE4902E281C11006B62F7 /* Resources */,
			);
			buildRules = (
			);
			dependencies = (
			);
			fileSystemSynchronizedGroups = (
				EDCEE4932E281C11006B62F7 /* FComponents */,
			);
			name = FComponents;
			packageProductDependencies = (
			);
			productName = FComponents_framework;
			productReference = EDCEE4922E281C11006B62F7 /* FComponents.framework */;
			productType = "com.apple.product-type.framework";
		};
		EDFFEE3B2D5F811700E46462 /* FComponentsApp */ = {
			isa = PBXNativeTarget;
			buildConfigurationList = EDFFEE4A2D5F811A00E46462 /* Build configuration list for PBXNativeTarget "FComponentsApp" */;
			buildPhases = (
				EDFFEE382D5F811700E46462 /* Sources */,
				EDFFEE392D5F811700E46462 /* Frameworks */,
				EDFFEE3A2D5F811700E46462 /* Resources */,
				EDCEE4A02E281C11006B62F7 /* Embed Frameworks */,
			);
			buildRules = (
			);
			dependencies = (
				EDCEE4992E281C11006B62F7 /* PBXTargetDependency */,
			);
			name = FComponentsApp;
			packageProductDependencies = (
			);
			productName = FComponents;
			productReference = EDFFEE3C2D5F811700E46462 /* FComponentsApp.app */;
			productType = "com.apple.product-type.application";
		};
/* End PBXNativeTarget section */

/* Begin PBXProject section */
		EDFFEE342D5F811700E46462 /* Project object */ = {
			isa = PBXProject;
			attributes = {
				BuildIndependentTargetsInParallel = 1;
				LastSwiftUpdateCheck = 1620;
				LastUpgradeCheck = 2620;
				TargetAttributes = {
					EDCEE4912E281C11006B62F7 = {
						CreatedOnToolsVersion = 16.2;
					};
					EDFFEE3B2D5F811700E46462 = {
						CreatedOnToolsVersion = 16.2;
					};
				};
			};
			buildConfigurationList = EDFFEE372D5F811700E46462 /* Build configuration list for PBXProject "FComponents" */;
			developmentRegion = en;
			hasScannedForEncodings = 0;
			knownRegions = (
				en,
				Base,
			);
			mainGroup = EDFFEE332D5F811700E46462;
			minimizedProjectReferenceProxies = 1;
			preferredProjectObjectVersion = 77;
			productRefGroup = EDFFEE3D2D5F811700E46462 /* Products */;
			projectDirPath = "";
			projectRoot = "";
			targets = (
				EDFFEE3B2D5F811700E46462 /* FComponentsApp */,
				EDCEE4912E281C11006B62F7 /* FComponents */,
			);
		};
/* End PBXProject section */

/* Begin PBXResourcesBuildPhase section */
		EDCEE4902E281C11006B62F7 /* Resources */ = {
			isa = PBXResourcesBuildPhase;
			buildActionMask = 2147483647;
			files = (
			);
			runOnlyForDeploymentPostprocessing = 0;
		};
		EDFFEE3A2D5F811700E46462 /* Resources */ = {
			isa = PBXResourcesBuildPhase;
			buildActionMask = 2147483647;
			files = (
				ED4D86A62D9037F100770CDB /* Assets.xcassets in Resources */,
			);
			runOnlyForDeploymentPostprocessing = 0;
		};
/* End PBXResourcesBuildPhase section */

/* Begin PBXSourcesBuildPhase section */
		EDCEE48E2E281C11006B62F7 /* Sources */ = {
			isa = PBXSourcesBuildPhase;
			buildActionMask = 2147483647;
			files = (
				EDCEE4A42E281C9E006B62F7 /* FCCard+ViewModel.swift in Sources */,
				EDCEE4A92E281DB6006B62F7 /* FCButtonRegularGallery.swift in Sources */,
				EDCEE4AA2E281DB6006B62F7 /* FCButtonAlternativeGallery.swift in Sources */,
				EDCEE4AB2E281DB6006B62F7 /* FCButtonLinkGallery.swift in Sources */,
				EDCEE4A52E281C9E006B62F7 /* FCCard.swift in Sources */,
				EDCEE4A82E281D6D006B62F7 /* Utils.swift in Sources */,
				EDCEE4A12E281C84006B62F7 /* FComponentsApp.swift in Sources */,
				EDCEE4A22E281C92006B62F7 /* FCButton.swift in Sources */,
				EDCEE4A32E281C92006B62F7 /* FCButton+ViewModel.swift in Sources */,
				EDCEE4A62E281CA7006B62F7 /* FCTextField+ViewModel.swift in Sources */,
				EDCEE4A72E281CA7006B62F7 /* FCTextField.swift in Sources */,
			);
			runOnlyForDeploymentPostprocessing = 0;
		};
		EDFFEE382D5F811700E46462 /* Sources */ = {
			isa = PBXSourcesBuildPhase;
			buildActionMask = 2147483647;
			files = (
				ED8523942DFC835500FA4D45 /* FCCard.swift in Sources */,
				ED4D86AC2D90854300770CDB /* FCButtonAlternativeGallery.swift in Sources */,
				EDCD4A6F2E01E53C004F6779 /* Utils.swift in Sources */,
				ED4D86A22D9037F100770CDB /* FCButton.swift in Sources */,
				EDA75C0D2E09EACE0004EE0E /* FCTextField+ViewModel.swift in Sources */,
				ED8523962DFC836B00FA4D45 /* FCCard+ViewModel.swift in Sources */,
				ED4D86AA2D905C2D00770CDB /* FCButtonRegularGallery.swift in Sources */,
				ED4D86AE2D908E5800770CDB /* FCButtonLinkGallery.swift in Sources */,
				ED4D86A32D9037F100770CDB /* FCButton+ViewModel.swift in Sources */,
				ED3FA2D22E0343CE00EA2B34 /* FCTextField.swift in Sources */,
				ED4D86A42D9037F100770CDB /* FComponentsApp.swift in Sources */,
			);
			runOnlyForDeploymentPostprocessing = 0;
		};
/* End PBXSourcesBuildPhase section */

/* Begin PBXTargetDependency section */
		EDCEE4992E281C11006B62F7 /* PBXTargetDependency */ = {
			isa = PBXTargetDependency;
			target = EDCEE4912E281C11006B62F7 /* FComponents */;
			targetProxy = EDCEE4982E281C11006B62F7 /* PBXContainerItemProxy */;
		};
/* End PBXTargetDependency section */

/* Begin XCBuildConfiguration section */
		EDCEE49E2E281C11006B62F7 /* Debug */ = {
			isa = XCBuildConfiguration;
			buildSettings = {
				BUILD_LIBRARY_FOR_DISTRIBUTION = YES;
				CODE_SIGN_IDENTITY = "";
				CODE_SIGN_STYLE = Automatic;
				CURRENT_PROJECT_VERSION = 1;
				DEFINES_MODULE = NO;
				DYLIB_COMPATIBILITY_VERSION = 1;
				DYLIB_CURRENT_VERSION = 1;
				DYLIB_INSTALL_NAME_BASE = "@rpath";
				ENABLE_MODULE_VERIFIER = YES;
				GENERATE_INFOPLIST_FILE = YES;
				INFOPLIST_KEY_NSHumanReadableCopyright = "";
				INSTALL_PATH = "$(LOCAL_LIBRARY_DIR)/Frameworks";
				LD_RUNPATH_SEARCH_PATHS = (
					"$(inherited)",
					"@executable_path/Frameworks",
					"@loader_path/Frameworks",
				);
				MARKETING_VERSION = 1.0;
				MODULE_VERIFIER_SUPPORTED_LANGUAGES = "objective-c objective-c++";
				MODULE_VERIFIER_SUPPORTED_LANGUAGE_STANDARDS = "gnu17 gnu++20";
				PRODUCT_BUNDLE_IDENTIFIER = "com.javidev.FComponents-framework";
				PRODUCT_NAME = "$(TARGET_NAME:c99extidentifier)";
				SKIP_INSTALL = YES;
				SWIFT_EMIT_LOC_STRINGS = YES;
				SWIFT_INSTALL_OBJC_HEADER = NO;
				SWIFT_VERSION = 6.0;
				TARGETED_DEVICE_FAMILY = "1,2";
				VERSIONING_SYSTEM = "apple-generic";
				VERSION_INFO_PREFIX = "";
			};
			name = Debug;
		};
		EDCEE49F2E281C11006B62F7 /* Release */ = {
			isa = XCBuildConfiguration;
			buildSettings = {
				BUILD_LIBRARY_FOR_DISTRIBUTION = YES;
				CODE_SIGN_IDENTITY = "";
				CODE_SIGN_STYLE = Automatic;
				CURRENT_PROJECT_VERSION = 1;
				DEFINES_MODULE = NO;
				DYLIB_COMPATIBILITY_VERSION = 1;
				DYLIB_CURRENT_VERSION = 1;
				DYLIB_INSTALL_NAME_BASE = "@rpath";
				ENABLE_MODULE_VERIFIER = YES;
				GENERATE_INFOPLIST_FILE = YES;
				INFOPLIST_KEY_NSHumanReadableCopyright = "";
				INSTALL_PATH = "$(LOCAL_LIBRARY_DIR)/Frameworks";
				LD_RUNPATH_SEARCH_PATHS = (
					"$(inherited)",
					"@executable_path/Frameworks",
					"@loader_path/Frameworks",
				);
				MARKETING_VERSION = 1.0;
				MODULE_VERIFIER_SUPPORTED_LANGUAGES = "objective-c objective-c++";
				MODULE_VERIFIER_SUPPORTED_LANGUAGE_STANDARDS = "gnu17 gnu++20";
				PRODUCT_BUNDLE_IDENTIFIER = "com.javidev.FComponents-framework";
				PRODUCT_NAME = "$(TARGET_NAME:c99extidentifier)";
				SKIP_INSTALL = YES;
				SWIFT_EMIT_LOC_STRINGS = YES;
				SWIFT_INSTALL_OBJC_HEADER = NO;
				SWIFT_VERSION = 6.0;
				TARGETED_DEVICE_FAMILY = "1,2";
				VERSIONING_SYSTEM = "apple-generic";
				VERSION_INFO_PREFIX = "";
			};
			name = Release;
		};
		EDFFEE482D5F811A00E46462 /* Debug */ = {
			isa = XCBuildConfiguration;
			buildSettings = {
				ALWAYS_SEARCH_USER_PATHS = NO;
				ASSETCATALOG_COMPILER_GENERATE_SWIFT_ASSET_SYMBOL_EXTENSIONS = YES;
				CLANG_ANALYZER_NONNULL = YES;
				CLANG_ANALYZER_NUMBER_OBJECT_CONVERSION = YES_AGGRESSIVE;
				CLANG_CXX_LANGUAGE_STANDARD = "gnu++20";
				CLANG_ENABLE_MODULES = YES;
				CLANG_ENABLE_OBJC_ARC = YES;
				CLANG_ENABLE_OBJC_WEAK = YES;
				CLANG_WARN_BLOCK_CAPTURE_AUTORELEASING = YES;
				CLANG_WARN_BOOL_CONVERSION = YES;
				CLANG_WARN_COMMA = YES;
				CLANG_WARN_CONSTANT_CONVERSION = YES;
				CLANG_WARN_DEPRECATED_OBJC_IMPLEMENTATIONS = YES;
				CLANG_WARN_DIRECT_OBJC_ISA_USAGE = YES_ERROR;
				CLANG_WARN_DOCUMENTATION_COMMENTS = YES;
				CLANG_WARN_EMPTY_BODY = YES;
				CLANG_WARN_ENUM_CONVERSION = YES;
				CLANG_WARN_INFINITE_RECURSION = YES;
				CLANG_WARN_INT_CONVERSION = YES;
				CLANG_WARN_NON_LITERAL_NULL_CONVERSION = YES;
				CLANG_WARN_OBJC_IMPLICIT_RETAIN_SELF = YES;
				CLANG_WARN_OBJC_LITERAL_CONVERSION = YES;
				CLANG_WARN_OBJC_ROOT_CLASS = YES_ERROR;
				CLANG_WARN_QUOTED_INCLUDE_IN_FRAMEWORK_HEADER = YES;
				CLANG_WARN_RANGE_LOOP_ANALYSIS = YES;
				CLANG_WARN_STRICT_PROTOTYPES = YES;
				CLANG_WARN_SUSPICIOUS_MOVE = YES;
				CLANG_WARN_UNGUARDED_AVAILABILITY = YES_AGGRESSIVE;
				CLANG_WARN_UNREACHABLE_CODE = YES;
				CLANG_WARN__DUPLICATE_METHOD_MATCH = YES;
				COPY_PHASE_STRIP = NO;
				DEBUG_INFORMATION_FORMAT = dwarf;
				DEVELOPMENT_TEAM = VZ82ZJHYB5;
				ENABLE_STRICT_OBJC_MSGSEND = YES;
				ENABLE_TESTABILITY = YES;
				ENABLE_USER_SCRIPT_SANDBOXING = YES;
				GCC_C_LANGUAGE_STANDARD = gnu17;
				GCC_DYNAMIC_NO_PIC = NO;
				GCC_NO_COMMON_BLOCKS = YES;
				GCC_OPTIMIZATION_LEVEL = 0;
				GCC_PREPROCESSOR_DEFINITIONS = (
					"DEBUG=1",
					"$(inherited)",
				);
				GCC_WARN_64_TO_32_BIT_CONVERSION = YES;
				GCC_WARN_ABOUT_RETURN_TYPE = YES_ERROR;
				GCC_WARN_UNDECLARED_SELECTOR = YES;
				GCC_WARN_UNINITIALIZED_AUTOS = YES_AGGRESSIVE;
				GCC_WARN_UNUSED_FUNCTION = YES;
				GCC_WARN_UNUSED_VARIABLE = YES;
				IPHONEOS_DEPLOYMENT_TARGET = 18.2;
				LOCALIZATION_PREFERS_STRING_CATALOGS = YES;
				MTL_ENABLE_DEBUG_INFO = INCLUDE_SOURCE;
				MTL_FAST_MATH = YES;
				ONLY_ACTIVE_ARCH = YES;
				SDKROOT = iphoneos;
				STRING_CATALOG_GENERATE_SYMBOLS = YES;
				SWIFT_ACTIVE_COMPILATION_CONDITIONS = "DEBUG $(inherited)";
				SWIFT_OPTIMIZATION_LEVEL = "-Onone";
			};
			name = Debug;
		};
		EDFFEE492D5F811A00E46462 /* Release */ = {
			isa = XCBuildConfiguration;
			buildSettings = {
				ALWAYS_SEARCH_USER_PATHS = NO;
				ASSETCATALOG_COMPILER_GENERATE_SWIFT_ASSET_SYMBOL_EXTENSIONS = YES;
				CLANG_ANALYZER_NONNULL = YES;
				CLANG_ANALYZER_NUMBER_OBJECT_CONVERSION = YES_AGGRESSIVE;
				CLANG_CXX_LANGUAGE_STANDARD = "gnu++20";
				CLANG_ENABLE_MODULES = YES;
				CLANG_ENABLE_OBJC_ARC = YES;
				CLANG_ENABLE_OBJC_WEAK = YES;
				CLANG_WARN_BLOCK_CAPTURE_AUTORELEASING = YES;
				CLANG_WARN_BOOL_CONVERSION = YES;
				CLANG_WARN_COMMA = YES;
				CLANG_WARN_CONSTANT_CONVERSION = YES;
				CLANG_WARN_DEPRECATED_OBJC_IMPLEMENTATIONS = YES;
				CLANG_WARN_DIRECT_OBJC_ISA_USAGE = YES_ERROR;
				CLANG_WARN_DOCUMENTATION_COMMENTS = YES;
				CLANG_WARN_EMPTY_BODY = YES;
				CLANG_WARN_ENUM_CONVERSION = YES;
				CLANG_WARN_INFINITE_RECURSION = YES;
				CLANG_WARN_INT_CONVERSION = YES;
				CLANG_WARN_NON_LITERAL_NULL_CONVERSION = YES;
				CLANG_WARN_OBJC_IMPLICIT_RETAIN_SELF = YES;
				CLANG_WARN_OBJC_LITERAL_CONVERSION = YES;
				CLANG_WARN_OBJC_ROOT_CLASS = YES_ERROR;
				CLANG_WARN_QUOTED_INCLUDE_IN_FRAMEWORK_HEADER = YES;
				CLANG_WARN_RANGE_LOOP_ANALYSIS = YES;
				CLANG_WARN_STRICT_PROTOTYPES = YES;
				CLANG_WARN_SUSPICIOUS_MOVE = YES;
				CLANG_WARN_UNGUARDED_AVAILABILITY = YES_AGGRESSIVE;
				CLANG_WARN_UNREACHABLE_CODE = YES;
				CLANG_WARN__DUPLICATE_METHOD_MATCH = YES;
				COPY_PHASE_STRIP = NO;
				DEBUG_INFORMATION_FORMAT = "dwarf-with-dsym";
				DEVELOPMENT_TEAM = VZ82ZJHYB5;
				ENABLE_NS_ASSERTIONS = NO;
				ENABLE_STRICT_OBJC_MSGSEND = YES;
				ENABLE_USER_SCRIPT_SANDBOXING = YES;
				GCC_C_LANGUAGE_STANDARD = gnu17;
				GCC_NO_COMMON_BLOCKS = YES;
				GCC_WARN_64_TO_32_BIT_CONVERSION = YES;
				GCC_WARN_ABOUT_RETURN_TYPE = YES_ERROR;
				GCC_WARN_UNDECLARED_SELECTOR = YES;
				GCC_WARN_UNINITIALIZED_AUTOS = YES_AGGRESSIVE;
				GCC_WARN_UNUSED_FUNCTION = YES;
				GCC_WARN_UNUSED_VARIABLE = YES;
				IPHONEOS_DEPLOYMENT_TARGET = 18.2;
				LOCALIZATION_PREFERS_STRING_CATALOGS = YES;
				MTL_ENABLE_DEBUG_INFO = NO;
				MTL_FAST_MATH = YES;
				SDKROOT = iphoneos;
				STRING_CATALOG_GENERATE_SYMBOLS = YES;
				SWIFT_COMPILATION_MODE = wholemodule;
				VALIDATE_PRODUCT = YES;
			};
			name = Release;
		};
		EDFFEE4B2D5F811A00E46462 /* Debug */ = {
			isa = XCBuildConfiguration;
			buildSettings = {
				ASSETCATALOG_COMPILER_APPICON_NAME = AppIcon;
				ASSETCATALOG_COMPILER_GLOBAL_ACCENT_COLOR_NAME = AccentColor;
				CODE_SIGN_STYLE = Automatic;
				CURRENT_PROJECT_VERSION = 1;
				DEVELOPMENT_ASSET_PATHS = "";
				ENABLE_PREVIEWS = YES;
				GENERATE_INFOPLIST_FILE = YES;
				INFOPLIST_KEY_UIApplicationSceneManifest_Generation = YES;
				INFOPLIST_KEY_UIApplicationSupportsIndirectInputEvents = YES;
				INFOPLIST_KEY_UILaunchScreen_Generation = YES;
				INFOPLIST_KEY_UIStatusBarStyle = "";
				INFOPLIST_KEY_UISupportedInterfaceOrientations_iPad = "UIInterfaceOrientationPortrait UIInterfaceOrientationPortraitUpsideDown UIInterfaceOrientationLandscapeLeft UIInterfaceOrientationLandscapeRight";
				INFOPLIST_KEY_UISupportedInterfaceOrientations_iPhone = "UIInterfaceOrientationPortrait UIInterfaceOrientationLandscapeLeft UIInterfaceOrientationLandscapeRight";
				LD_RUNPATH_SEARCH_PATHS = (
					"$(inherited)",
					"@executable_path/Frameworks",
				);
				MARKETING_VERSION = 1.0;
				PRODUCT_BUNDLE_IDENTIFIER = com.javidev.FComponents;
				PRODUCT_NAME = "$(TARGET_NAME)";
				SWIFT_EMIT_LOC_STRINGS = YES;
				SWIFT_VERSION = 6.0;
				TARGETED_DEVICE_FAMILY = "1,2";
			};
			name = Debug;
		};
		EDFFEE4C2D5F811A00E46462 /* Release */ = {
			isa = XCBuildConfiguration;
			buildSettings = {
				ASSETCATALOG_COMPILER_APPICON_NAME = AppIcon;
				ASSETCATALOG_COMPILER_GLOBAL_ACCENT_COLOR_NAME = AccentColor;
				CODE_SIGN_STYLE = Automatic;
				CURRENT_PROJECT_VERSION = 1;
				DEVELOPMENT_ASSET_PATHS = "";
				ENABLE_PREVIEWS = YES;
				GENERATE_INFOPLIST_FILE = YES;
				INFOPLIST_KEY_UIApplicationSceneManifest_Generation = YES;
				INFOPLIST_KEY_UIApplicationSupportsIndirectInputEvents = YES;
				INFOPLIST_KEY_UILaunchScreen_Generation = YES;
				INFOPLIST_KEY_UIStatusBarStyle = "";
				INFOPLIST_KEY_UISupportedInterfaceOrientations_iPad = "UIInterfaceOrientationPortrait UIInterfaceOrientationPortraitUpsideDown UIInterfaceOrientationLandscapeLeft UIInterfaceOrientationLandscapeRight";
				INFOPLIST_KEY_UISupportedInterfaceOrientations_iPhone = "UIInterfaceOrientationPortrait UIInterfaceOrientationLandscapeLeft UIInterfaceOrientationLandscapeRight";
				LD_RUNPATH_SEARCH_PATHS = (
					"$(inherited)",
					"@executable_path/Frameworks",
				);
				MARKETING_VERSION = 1.0;
				PRODUCT_BUNDLE_IDENTIFIER = com.javidev.FComponents;
				PRODUCT_NAME = "$(TARGET_NAME)";
				SWIFT_EMIT_LOC_STRINGS = YES;
				SWIFT_VERSION = 6.0;
				TARGETED_DEVICE_FAMILY = "1,2";
			};
			name = Release;
		};
/* End XCBuildConfiguration section */

/* Begin XCConfigurationList section */
		EDCEE49D2E281C11006B62F7 /* Build configuration list for PBXNativeTarget "FComponents" */ = {
			isa = XCConfigurationList;
			buildConfigurations = (
				EDCEE49E2E281C11006B62F7 /* Debug */,
				EDCEE49F2E281C11006B62F7 /* Release */,
			);
			defaultConfigurationIsVisible = 0;
			defaultConfigurationName = Release;
		};
		EDFFEE372D5F811700E46462 /* Build configuration list for PBXProject "FComponents" */ = {
			isa = XCConfigurationList;
			buildConfigurations = (
				EDFFEE482D5F811A00E46462 /* Debug */,
				EDFFEE492D5F811A00E46462 /* Release */,
			);
			defaultConfigurationIsVisible = 0;
			defaultConfigurationName = Release;
		};
		EDFFEE4A2D5F811A00E46462 /* Build configuration list for PBXNativeTarget "FComponentsApp" */ = {
			isa = XCConfigurationList;
			buildConfigurations = (
				EDFFEE4B2D5F811A00E46462 /* Debug */,
				EDFFEE4C2D5F811A00E46462 /* Release */,
			);
			defaultConfigurationIsVisible = 0;
			defaultConfigurationName = Release;
		};
/* End XCConfigurationList section */
	};
	rootObject = EDFFEE342D5F811700E46462 /* Project object */;
}
